// !$*UTF8*$!
{
	archiveVersion = 1;
	classes = {
	};
	objectVersion = 56;
	objects = {

/* Begin PBXBuildFile section */
		937502CC293DF6380027913D /* AppDelegate.swift in Sources */ = {isa = PBXBuildFile; fileRef = 937502CB293DF6380027913D /* AppDelegate.swift */; };
		937502CE293DF6380027913D /* SceneDelegate.swift in Sources */ = {isa = PBXBuildFile; fileRef = 937502CD293DF6380027913D /* SceneDelegate.swift */; };
		937502D0293DF6380027913D /* RepositoriesViewController.swift in Sources */ = {isa = PBXBuildFile; fileRef = 937502CF293DF6380027913D /* RepositoriesViewController.swift */; };
		937502D3293DF6380027913D /* Repositories.storyboard in Resources */ = {isa = PBXBuildFile; fileRef = 937502D1293DF6380027913D /* Repositories.storyboard */; };
		937502D6293DF6380027913D /* repotask.xcdatamodeld in Sources */ = {isa = PBXBuildFile; fileRef = 937502D4293DF6380027913D /* repotask.xcdatamodeld */; };
		937502D8293DF6390027913D /* Assets.xcassets in Resources */ = {isa = PBXBuildFile; fileRef = 937502D7293DF6390027913D /* Assets.xcassets */; };
		937502DB293DF6390027913D /* LaunchScreen.storyboard in Resources */ = {isa = PBXBuildFile; fileRef = 937502D9293DF6390027913D /* LaunchScreen.storyboard */; };
		93750300293E0B5E0027913D /* Swinject in Frameworks */ = {isa = PBXBuildFile; productRef = 937502FF293E0B5E0027913D /* Swinject */; };
		93750305293E0B9B0027913D /* RxBlocking in Frameworks */ = {isa = PBXBuildFile; productRef = 93750304293E0B9B0027913D /* RxBlocking */; };
		93750309293E0B9B0027913D /* RxCocoa in Frameworks */ = {isa = PBXBuildFile; productRef = 93750308293E0B9B0027913D /* RxCocoa */; };
		9375030D293E0B9B0027913D /* RxRelay in Frameworks */ = {isa = PBXBuildFile; productRef = 9375030C293E0B9B0027913D /* RxRelay */; };
		93750311293E0B9B0027913D /* RxSwift in Frameworks */ = {isa = PBXBuildFile; productRef = 93750310293E0B9B0027913D /* RxSwift */; };
		93750319293E14E80027913D /* AppCoordinator.swift in Sources */ = {isa = PBXBuildFile; fileRef = 93750318293E14E80027913D /* AppCoordinator.swift */; };
		9375031B293E1C9D0027913D /* AppCoordinatorTests.swift in Sources */ = {isa = PBXBuildFile; fileRef = 9375031A293E1C9D0027913D /* AppCoordinatorTests.swift */; };
		9375031F293E20150027913D /* Coordinator.swift in Sources */ = {isa = PBXBuildFile; fileRef = 9375031E293E20150027913D /* Coordinator.swift */; };
		93750321293E20340027913D /* ViewModel.swift in Sources */ = {isa = PBXBuildFile; fileRef = 93750320293E20340027913D /* ViewModel.swift */; };
		93750324293E35970027913D /* Repository.swift in Sources */ = {isa = PBXBuildFile; fileRef = 93750323293E35970027913D /* Repository.swift */; };
		93750327293E37C10027913D /* RepositioriesCoordinator.swift in Sources */ = {isa = PBXBuildFile; fileRef = 93750326293E37C10027913D /* RepositioriesCoordinator.swift */; };
		93750329293E3F6E0027913D /* RepositoryCell.swift in Sources */ = {isa = PBXBuildFile; fileRef = 93750328293E3F6E0027913D /* RepositoryCell.swift */; };
		9375032B293E57AE0027913D /* NavigationCoordinator.swift in Sources */ = {isa = PBXBuildFile; fileRef = 9375032A293E57AE0027913D /* NavigationCoordinator.swift */; };
		9375032D293E5FEE0027913D /* NavigableCoordinator.swift in Sources */ = {isa = PBXBuildFile; fileRef = 9375032C293E5FED0027913D /* NavigableCoordinator.swift */; };
		9375032F293E73430027913D /* StoryboardInstantiable.swift in Sources */ = {isa = PBXBuildFile; fileRef = 9375032E293E73430027913D /* StoryboardInstantiable.swift */; };
		93750335293EB4630027913D /* StoryboardableTest.swift in Sources */ = {isa = PBXBuildFile; fileRef = 93750334293EB4630027913D /* StoryboardableTest.swift */; };
		93750337293EB53E0027913D /* Mock.storyboard in Resources */ = {isa = PBXBuildFile; fileRef = 93750336293EB53E0027913D /* Mock.storyboard */; };
		9375033A293EB59C0027913D /* MockViewController.swift in Sources */ = {isa = PBXBuildFile; fileRef = 93750339293EB59C0027913D /* MockViewController.swift */; };
		9375033C293EBAEA0027913D /* Main.storyboard in Resources */ = {isa = PBXBuildFile; fileRef = 9375033B293EBAEA0027913D /* Main.storyboard */; };
		9375033E293EC5AA0027913D /* RepositoriesViewModel.swift in Sources */ = {isa = PBXBuildFile; fileRef = 9375033D293EC5AA0027913D /* RepositoriesViewModel.swift */; };
		93750340293EC7CD0027913D /* AppDelegate+DependencyRegistration.swift in Sources */ = {isa = PBXBuildFile; fileRef = 9375033F293EC7CD0027913D /* AppDelegate+DependencyRegistration.swift */; };
/* End PBXBuildFile section */

/* Begin PBXContainerItemProxy section */
		937502E2293DF6390027913D /* PBXContainerItemProxy */ = {
			isa = PBXContainerItemProxy;
			containerPortal = 937502C0293DF6380027913D /* Project object */;
			proxyType = 1;
			remoteGlobalIDString = 937502C7293DF6380027913D;
			remoteInfo = repotask;
		};
/* End PBXContainerItemProxy section */

/* Begin PBXFileReference section */
		937502C8293DF6380027913D /* repotask.app */ = {isa = PBXFileReference; explicitFileType = wrapper.application; includeInIndex = 0; path = repotask.app; sourceTree = BUILT_PRODUCTS_DIR; };
		937502CB293DF6380027913D /* AppDelegate.swift */ = {isa = PBXFileReference; lastKnownFileType = sourcecode.swift; path = AppDelegate.swift; sourceTree = "<group>"; };
		937502CD293DF6380027913D /* SceneDelegate.swift */ = {isa = PBXFileReference; lastKnownFileType = sourcecode.swift; path = SceneDelegate.swift; sourceTree = "<group>"; };
		937502CF293DF6380027913D /* RepositoriesViewController.swift */ = {isa = PBXFileReference; lastKnownFileType = sourcecode.swift; path = RepositoriesViewController.swift; sourceTree = "<group>"; };
		937502D2293DF6380027913D /* Base */ = {isa = PBXFileReference; lastKnownFileType = file.storyboard; name = Base; path = Base.lproj/Repositories.storyboard; sourceTree = "<group>"; };
		937502D5293DF6380027913D /* repotask.xcdatamodel */ = {isa = PBXFileReference; lastKnownFileType = wrapper.xcdatamodel; path = repotask.xcdatamodel; sourceTree = "<group>"; };
		937502D7293DF6390027913D /* Assets.xcassets */ = {isa = PBXFileReference; lastKnownFileType = folder.assetcatalog; path = Assets.xcassets; sourceTree = "<group>"; };
		937502DA293DF6390027913D /* Base */ = {isa = PBXFileReference; lastKnownFileType = file.storyboard; name = Base; path = Base.lproj/LaunchScreen.storyboard; sourceTree = "<group>"; };
		937502DC293DF6390027913D /* Info.plist */ = {isa = PBXFileReference; lastKnownFileType = text.plist.xml; path = Info.plist; sourceTree = "<group>"; };
		937502E1293DF6390027913D /* repotaskTests.xctest */ = {isa = PBXFileReference; explicitFileType = wrapper.cfbundle; includeInIndex = 0; path = repotaskTests.xctest; sourceTree = BUILT_PRODUCTS_DIR; };
		93750318293E14E80027913D /* AppCoordinator.swift */ = {isa = PBXFileReference; lastKnownFileType = sourcecode.swift; path = AppCoordinator.swift; sourceTree = "<group>"; };
		9375031A293E1C9D0027913D /* AppCoordinatorTests.swift */ = {isa = PBXFileReference; lastKnownFileType = sourcecode.swift; path = AppCoordinatorTests.swift; sourceTree = "<group>"; };
		9375031E293E20150027913D /* Coordinator.swift */ = {isa = PBXFileReference; lastKnownFileType = sourcecode.swift; path = Coordinator.swift; sourceTree = "<group>"; };
		93750320293E20340027913D /* ViewModel.swift */ = {isa = PBXFileReference; lastKnownFileType = sourcecode.swift; path = ViewModel.swift; sourceTree = "<group>"; };
		93750323293E35970027913D /* Repository.swift */ = {isa = PBXFileReference; lastKnownFileType = sourcecode.swift; path = Repository.swift; sourceTree = "<group>"; };
		93750326293E37C10027913D /* RepositioriesCoordinator.swift */ = {isa = PBXFileReference; lastKnownFileType = sourcecode.swift; path = RepositioriesCoordinator.swift; sourceTree = "<group>"; };
		93750328293E3F6E0027913D /* RepositoryCell.swift */ = {isa = PBXFileReference; lastKnownFileType = sourcecode.swift; path = RepositoryCell.swift; sourceTree = "<group>"; };
		9375032A293E57AE0027913D /* NavigationCoordinator.swift */ = {isa = PBXFileReference; lastKnownFileType = sourcecode.swift; path = NavigationCoordinator.swift; sourceTree = "<group>"; };
		9375032C293E5FED0027913D /* NavigableCoordinator.swift */ = {isa = PBXFileReference; lastKnownFileType = sourcecode.swift; path = NavigableCoordinator.swift; sourceTree = "<group>"; };
		9375032E293E73430027913D /* StoryboardInstantiable.swift */ = {isa = PBXFileReference; lastKnownFileType = sourcecode.swift; path = StoryboardInstantiable.swift; sourceTree = "<group>"; };
		93750334293EB4630027913D /* StoryboardableTest.swift */ = {isa = PBXFileReference; lastKnownFileType = sourcecode.swift; path = StoryboardableTest.swift; sourceTree = "<group>"; };
		93750336293EB53E0027913D /* Mock.storyboard */ = {isa = PBXFileReference; lastKnownFileType = file.storyboard; path = Mock.storyboard; sourceTree = "<group>"; };
		93750339293EB59C0027913D /* MockViewController.swift */ = {isa = PBXFileReference; lastKnownFileType = sourcecode.swift; path = MockViewController.swift; sourceTree = "<group>"; };
		9375033B293EBAEA0027913D /* Main.storyboard */ = {isa = PBXFileReference; lastKnownFileType = file.storyboard; path = Main.storyboard; sourceTree = "<group>"; };
		9375033D293EC5AA0027913D /* RepositoriesViewModel.swift */ = {isa = PBXFileReference; lastKnownFileType = sourcecode.swift; path = RepositoriesViewModel.swift; sourceTree = "<group>"; };
		9375033F293EC7CD0027913D /* AppDelegate+DependencyRegistration.swift */ = {isa = PBXFileReference; lastKnownFileType = sourcecode.swift; path = "AppDelegate+DependencyRegistration.swift"; sourceTree = "<group>"; };
/* End PBXFileReference section */

/* Begin PBXFrameworksBuildPhase section */
		937502C5293DF6380027913D /* Frameworks */ = {
			isa = PBXFrameworksBuildPhase;
			buildActionMask = 2147483647;
			files = (
				93750311293E0B9B0027913D /* RxSwift in Frameworks */,
				93750300293E0B5E0027913D /* Swinject in Frameworks */,
				93750305293E0B9B0027913D /* RxBlocking in Frameworks */,
				9375030D293E0B9B0027913D /* RxRelay in Frameworks */,
				93750309293E0B9B0027913D /* RxCocoa in Frameworks */,
			);
			runOnlyForDeploymentPostprocessing = 0;
		};
		937502DE293DF6390027913D /* Frameworks */ = {
			isa = PBXFrameworksBuildPhase;
			buildActionMask = 2147483647;
			files = (
			);
			runOnlyForDeploymentPostprocessing = 0;
		};
/* End PBXFrameworksBuildPhase section */

/* Begin PBXGroup section */
		937502BF293DF6380027913D = {
			isa = PBXGroup;
			children = (
				937502CA293DF6380027913D /* repotask */,
				937502E4293DF6390027913D /* repotaskTests */,
				937502C9293DF6380027913D /* Products */,
			);
			sourceTree = "<group>";
		};
		937502C9293DF6380027913D /* Products */ = {
			isa = PBXGroup;
			children = (
				937502C8293DF6380027913D /* repotask.app */,
				937502E1293DF6390027913D /* repotaskTests.xctest */,
			);
			name = Products;
			sourceTree = "<group>";
		};
		937502CA293DF6380027913D /* repotask */ = {
			isa = PBXGroup;
			children = (
				93750322293E25320027913D /* Main */,
				93750325293E376A0027913D /* Repositories */,
				9375031C293E1FB40027913D /* SupportingFiles */,
				937502D7293DF6390027913D /* Assets.xcassets */,
				937502D9293DF6390027913D /* LaunchScreen.storyboard */,
				937502DC293DF6390027913D /* Info.plist */,
				937502D4293DF6380027913D /* repotask.xcdatamodeld */,
			);
			path = repotask;
			sourceTree = "<group>";
		};
		937502E4293DF6390027913D /* repotaskTests */ = {
			isa = PBXGroup;
			children = (
				9375031A293E1C9D0027913D /* AppCoordinatorTests.swift */,
				93750338293EB5440027913D /* StoryboardableTest */,
			);
			path = repotaskTests;
			sourceTree = "<group>";
		};
		9375031C293E1FB40027913D /* SupportingFiles */ = {
			isa = PBXGroup;
			children = (
				9375031D293E1FCB0027913D /* MVVM-C */,
				9375032E293E73430027913D /* StoryboardInstantiable.swift */,
			);
			path = SupportingFiles;
			sourceTree = "<group>";
		};
		9375031D293E1FCB0027913D /* MVVM-C */ = {
			isa = PBXGroup;
			children = (
				9375031E293E20150027913D /* Coordinator.swift */,
				9375032C293E5FED0027913D /* NavigableCoordinator.swift */,
				93750320293E20340027913D /* ViewModel.swift */,
				9375032A293E57AE0027913D /* NavigationCoordinator.swift */,
			);
			path = "MVVM-C";
			sourceTree = "<group>";
		};
		93750322293E25320027913D /* Main */ = {
			isa = PBXGroup;
			children = (
				937502CB293DF6380027913D /* AppDelegate.swift */,
				937502CD293DF6380027913D /* SceneDelegate.swift */,
				93750318293E14E80027913D /* AppCoordinator.swift */,
				9375033B293EBAEA0027913D /* Main.storyboard */,
				9375033F293EC7CD0027913D /* AppDelegate+DependencyRegistration.swift */,
			);
			path = Main;
			sourceTree = "<group>";
		};
		93750325293E376A0027913D /* Repositories */ = {
			isa = PBXGroup;
			children = (
				937502CF293DF6380027913D /* RepositoriesViewController.swift */,
				93750326293E37C10027913D /* RepositioriesCoordinator.swift */,
				93750323293E35970027913D /* Repository.swift */,
				937502D1293DF6380027913D /* Repositories.storyboard */,
				93750328293E3F6E0027913D /* RepositoryCell.swift */,
				9375033D293EC5AA0027913D /* RepositoriesViewModel.swift */,
			);
			path = Repositories;
			sourceTree = "<group>";
		};
		93750338293EB5440027913D /* StoryboardableTest */ = {
			isa = PBXGroup;
			children = (
				93750334293EB4630027913D /* StoryboardableTest.swift */,
				93750336293EB53E0027913D /* Mock.storyboard */,
				93750339293EB59C0027913D /* MockViewController.swift */,
			);
			path = StoryboardableTest;
			sourceTree = "<group>";
		};
/* End PBXGroup section */

/* Begin PBXNativeTarget section */
		937502C7293DF6380027913D /* repotask */ = {
			isa = PBXNativeTarget;
			buildConfigurationList = 937502F5293DF6390027913D /* Build configuration list for PBXNativeTarget "repotask" */;
			buildPhases = (
				937502C4293DF6380027913D /* Sources */,
				937502C5293DF6380027913D /* Frameworks */,
				937502C6293DF6380027913D /* Resources */,
			);
			buildRules = (
			);
			dependencies = (
			);
			name = repotask;
			packageProductDependencies = (
				937502FF293E0B5E0027913D /* Swinject */,
				93750304293E0B9B0027913D /* RxBlocking */,
				93750308293E0B9B0027913D /* RxCocoa */,
				9375030C293E0B9B0027913D /* RxRelay */,
				93750310293E0B9B0027913D /* RxSwift */,
			);
			productName = repotask;
			productReference = 937502C8293DF6380027913D /* repotask.app */;
			productType = "com.apple.product-type.application";
		};
		937502E0293DF6390027913D /* repotaskTests */ = {
			isa = PBXNativeTarget;
			buildConfigurationList = 937502F8293DF6390027913D /* Build configuration list for PBXNativeTarget "repotaskTests" */;
			buildPhases = (
				937502DD293DF6390027913D /* Sources */,
				937502DE293DF6390027913D /* Frameworks */,
				937502DF293DF6390027913D /* Resources */,
			);
			buildRules = (
			);
			dependencies = (
				937502E3293DF6390027913D /* PBXTargetDependency */,
			);
			name = repotaskTests;
			productName = repotaskTests;
			productReference = 937502E1293DF6390027913D /* repotaskTests.xctest */;
			productType = "com.apple.product-type.bundle.unit-test";
		};
/* End PBXNativeTarget section */

/* Begin PBXProject section */
		937502C0293DF6380027913D /* Project object */ = {
			isa = PBXProject;
			attributes = {
				BuildIndependentTargetsInParallel = 1;
				LastSwiftUpdateCheck = 1410;
				LastUpgradeCheck = 1410;
				TargetAttributes = {
					937502C7293DF6380027913D = {
						CreatedOnToolsVersion = 14.1;
					};
					937502E0293DF6390027913D = {
						CreatedOnToolsVersion = 14.1;
						TestTargetID = 937502C7293DF6380027913D;
					};
				};
			};
			buildConfigurationList = 937502C3293DF6380027913D /* Build configuration list for PBXProject "repotask" */;
			compatibilityVersion = "Xcode 14.0";
			developmentRegion = en;
			hasScannedForEncodings = 0;
			knownRegions = (
				en,
				Base,
			);
			mainGroup = 937502BF293DF6380027913D;
			packageReferences = (
				937502FE293E0B5E0027913D /* XCRemoteSwiftPackageReference "Swinject" */,
				93750303293E0B9B0027913D /* XCRemoteSwiftPackageReference "RxSwift" */,
			);
			productRefGroup = 937502C9293DF6380027913D /* Products */;
			projectDirPath = "";
			projectRoot = "";
			targets = (
				937502C7293DF6380027913D /* repotask */,
				937502E0293DF6390027913D /* repotaskTests */,
			);
		};
/* End PBXProject section */

/* Begin PBXResourcesBuildPhase section */
		937502C6293DF6380027913D /* Resources */ = {
			isa = PBXResourcesBuildPhase;
			buildActionMask = 2147483647;
			files = (
				937502DB293DF6390027913D /* LaunchScreen.storyboard in Resources */,
				937502D8293DF6390027913D /* Assets.xcassets in Resources */,
				937502D3293DF6380027913D /* Repositories.storyboard in Resources */,
				9375033C293EBAEA0027913D /* Main.storyboard in Resources */,
			);
			runOnlyForDeploymentPostprocessing = 0;
		};
		937502DF293DF6390027913D /* Resources */ = {
			isa = PBXResourcesBuildPhase;
			buildActionMask = 2147483647;
			files = (
				93750337293EB53E0027913D /* Mock.storyboard in Resources */,
			);
			runOnlyForDeploymentPostprocessing = 0;
		};
/* End PBXResourcesBuildPhase section */

/* Begin PBXSourcesBuildPhase section */
		937502C4293DF6380027913D /* Sources */ = {
			isa = PBXSourcesBuildPhase;
			buildActionMask = 2147483647;
			files = (
				937502D0293DF6380027913D /* RepositoriesViewController.swift in Sources */,
				93750327293E37C10027913D /* RepositioriesCoordinator.swift in Sources */,
				937502CC293DF6380027913D /* AppDelegate.swift in Sources */,
				9375031F293E20150027913D /* Coordinator.swift in Sources */,
				9375032B293E57AE0027913D /* NavigationCoordinator.swift in Sources */,
				93750324293E35970027913D /* Repository.swift in Sources */,
				9375032D293E5FEE0027913D /* NavigableCoordinator.swift in Sources */,
				93750329293E3F6E0027913D /* RepositoryCell.swift in Sources */,
				93750340293EC7CD0027913D /* AppDelegate+DependencyRegistration.swift in Sources */,
				93750319293E14E80027913D /* AppCoordinator.swift in Sources */,
				937502D6293DF6380027913D /* repotask.xcdatamodeld in Sources */,
				9375033E293EC5AA0027913D /* RepositoriesViewModel.swift in Sources */,
				937502CE293DF6380027913D /* SceneDelegate.swift in Sources */,
				93750321293E20340027913D /* ViewModel.swift in Sources */,
				9375032F293E73430027913D /* StoryboardInstantiable.swift in Sources */,
			);
			runOnlyForDeploymentPostprocessing = 0;
		};
		937502DD293DF6390027913D /* Sources */ = {
			isa = PBXSourcesBuildPhase;
			buildActionMask = 2147483647;
			files = (
				9375033A293EB59C0027913D /* MockViewController.swift in Sources */,
				9375031B293E1C9D0027913D /* AppCoordinatorTests.swift in Sources */,
				93750335293EB4630027913D /* StoryboardableTest.swift in Sources */,
			);
			runOnlyForDeploymentPostprocessing = 0;
		};
/* End PBXSourcesBuildPhase section */

/* Begin PBXTargetDependency section */
		937502E3293DF6390027913D /* PBXTargetDependency */ = {
			isa = PBXTargetDependency;
			target = 937502C7293DF6380027913D /* repotask */;
			targetProxy = 937502E2293DF6390027913D /* PBXContainerItemProxy */;
		};
/* End PBXTargetDependency section */

/* Begin PBXVariantGroup section */
		937502D1293DF6380027913D /* Repositories.storyboard */ = {
			isa = PBXVariantGroup;
			children = (
				937502D2293DF6380027913D /* Base */,
			);
			name = Repositories.storyboard;
			sourceTree = "<group>";
		};
		937502D9293DF6390027913D /* LaunchScreen.storyboard */ = {
			isa = PBXVariantGroup;
			children = (
				937502DA293DF6390027913D /* Base */,
			);
			name = LaunchScreen.storyboard;
			sourceTree = "<group>";
		};
/* End PBXVariantGroup section */

/* Begin XCBuildConfiguration section */
		937502F3293DF6390027913D /* Debug */ = {
			isa = XCBuildConfiguration;
			buildSettings = {
				ALWAYS_SEARCH_USER_PATHS = NO;
				CLANG_ANALYZER_NONNULL = YES;
				CLANG_ANALYZER_NUMBER_OBJECT_CONVERSION = YES_AGGRESSIVE;
				CLANG_CXX_LANGUAGE_STANDARD = "gnu++20";
				CLANG_ENABLE_MODULES = YES;
				CLANG_ENABLE_OBJC_ARC = YES;
				CLANG_ENABLE_OBJC_WEAK = YES;
				CLANG_WARN_BLOCK_CAPTURE_AUTORELEASING = YES;
				CLANG_WARN_BOOL_CONVERSION = YES;
				CLANG_WARN_COMMA = YES;
				CLANG_WARN_CONSTANT_CONVERSION = YES;
				CLANG_WARN_DEPRECATED_OBJC_IMPLEMENTATIONS = YES;
				CLANG_WARN_DIRECT_OBJC_ISA_USAGE = YES_ERROR;
				CLANG_WARN_DOCUMENTATION_COMMENTS = YES;
				CLANG_WARN_EMPTY_BODY = YES;
				CLANG_WARN_ENUM_CONVERSION = YES;
				CLANG_WARN_INFINITE_RECURSION = YES;
				CLANG_WARN_INT_CONVERSION = YES;
				CLANG_WARN_NON_LITERAL_NULL_CONVERSION = YES;
				CLANG_WARN_OBJC_IMPLICIT_RETAIN_SELF = YES;
				CLANG_WARN_OBJC_LITERAL_CONVERSION = YES;
				CLANG_WARN_OBJC_ROOT_CLASS = YES_ERROR;
				CLANG_WARN_QUOTED_INCLUDE_IN_FRAMEWORK_HEADER = YES;
				CLANG_WARN_RANGE_LOOP_ANALYSIS = YES;
				CLANG_WARN_STRICT_PROTOTYPES = YES;
				CLANG_WARN_SUSPICIOUS_MOVE = YES;
				CLANG_WARN_UNGUARDED_AVAILABILITY = YES_AGGRESSIVE;
				CLANG_WARN_UNREACHABLE_CODE = YES;
				CLANG_WARN__DUPLICATE_METHOD_MATCH = YES;
				COPY_PHASE_STRIP = NO;
				DEBUG_INFORMATION_FORMAT = dwarf;
				ENABLE_STRICT_OBJC_MSGSEND = YES;
				ENABLE_TESTABILITY = YES;
				GCC_C_LANGUAGE_STANDARD = gnu11;
				GCC_DYNAMIC_NO_PIC = NO;
				GCC_NO_COMMON_BLOCKS = YES;
				GCC_OPTIMIZATION_LEVEL = 0;
				GCC_PREPROCESSOR_DEFINITIONS = (
					"DEBUG=1",
					"$(inherited)",
				);
				GCC_WARN_64_TO_32_BIT_CONVERSION = YES;
				GCC_WARN_ABOUT_RETURN_TYPE = YES_ERROR;
				GCC_WARN_UNDECLARED_SELECTOR = YES;
				GCC_WARN_UNINITIALIZED_AUTOS = YES_AGGRESSIVE;
				GCC_WARN_UNUSED_FUNCTION = YES;
				GCC_WARN_UNUSED_VARIABLE = YES;
				IPHONEOS_DEPLOYMENT_TARGET = 16.1;
				MTL_ENABLE_DEBUG_INFO = INCLUDE_SOURCE;
				MTL_FAST_MATH = YES;
				ONLY_ACTIVE_ARCH = YES;
				SDKROOT = iphoneos;
				SWIFT_ACTIVE_COMPILATION_CONDITIONS = DEBUG;
				SWIFT_OPTIMIZATION_LEVEL = "-Onone";
			};
			name = Debug;
		};
		937502F4293DF6390027913D /* Release */ = {
			isa = XCBuildConfiguration;
			buildSettings = {
				ALWAYS_SEARCH_USER_PATHS = NO;
				CLANG_ANALYZER_NONNULL = YES;
				CLANG_ANALYZER_NUMBER_OBJECT_CONVERSION = YES_AGGRESSIVE;
				CLANG_CXX_LANGUAGE_STANDARD = "gnu++20";
				CLANG_ENABLE_MODULES = YES;
				CLANG_ENABLE_OBJC_ARC = YES;
				CLANG_ENABLE_OBJC_WEAK = YES;
				CLANG_WARN_BLOCK_CAPTURE_AUTORELEASING = YES;
				CLANG_WARN_BOOL_CONVERSION = YES;
				CLANG_WARN_COMMA = YES;
				CLANG_WARN_CONSTANT_CONVERSION = YES;
				CLANG_WARN_DEPRECATED_OBJC_IMPLEMENTATIONS = YES;
				CLANG_WARN_DIRECT_OBJC_ISA_USAGE = YES_ERROR;
				CLANG_WARN_DOCUMENTATION_COMMENTS = YES;
				CLANG_WARN_EMPTY_BODY = YES;
				CLANG_WARN_ENUM_CONVERSION = YES;
				CLANG_WARN_INFINITE_RECURSION = YES;
				CLANG_WARN_INT_CONVERSION = YES;
				CLANG_WARN_NON_LITERAL_NULL_CONVERSION = YES;
				CLANG_WARN_OBJC_IMPLICIT_RETAIN_SELF = YES;
				CLANG_WARN_OBJC_LITERAL_CONVERSION = YES;
				CLANG_WARN_OBJC_ROOT_CLASS = YES_ERROR;
				CLANG_WARN_QUOTED_INCLUDE_IN_FRAMEWORK_HEADER = YES;
				CLANG_WARN_RANGE_LOOP_ANALYSIS = YES;
				CLANG_WARN_STRICT_PROTOTYPES = YES;
				CLANG_WARN_SUSPICIOUS_MOVE = YES;
				CLANG_WARN_UNGUARDED_AVAILABILITY = YES_AGGRESSIVE;
				CLANG_WARN_UNREACHABLE_CODE = YES;
				CLANG_WARN__DUPLICATE_METHOD_MATCH = YES;
				COPY_PHASE_STRIP = NO;
				DEBUG_INFORMATION_FORMAT = "dwarf-with-dsym";
				ENABLE_NS_ASSERTIONS = NO;
				ENABLE_STRICT_OBJC_MSGSEND = YES;
				GCC_C_LANGUAGE_STANDARD = gnu11;
				GCC_NO_COMMON_BLOCKS = YES;
				GCC_WARN_64_TO_32_BIT_CONVERSION = YES;
				GCC_WARN_ABOUT_RETURN_TYPE = YES_ERROR;
				GCC_WARN_UNDECLARED_SELECTOR = YES;
				GCC_WARN_UNINITIALIZED_AUTOS = YES_AGGRESSIVE;
				GCC_WARN_UNUSED_FUNCTION = YES;
				GCC_WARN_UNUSED_VARIABLE = YES;
				IPHONEOS_DEPLOYMENT_TARGET = 16.1;
				MTL_ENABLE_DEBUG_INFO = NO;
				MTL_FAST_MATH = YES;
				SDKROOT = iphoneos;
				SWIFT_COMPILATION_MODE = wholemodule;
				SWIFT_OPTIMIZATION_LEVEL = "-O";
				VALIDATE_PRODUCT = YES;
			};
			name = Release;
		};
		937502F6293DF6390027913D /* Debug */ = {
			isa = XCBuildConfiguration;
			buildSettings = {
				ASSETCATALOG_COMPILER_APPICON_NAME = AppIcon;
				ASSETCATALOG_COMPILER_GLOBAL_ACCENT_COLOR_NAME = AccentColor;
				CODE_SIGN_IDENTITY = "Apple Development";
				CODE_SIGN_STYLE = Automatic;
				CURRENT_PROJECT_VERSION = 1;
				DEVELOPMENT_TEAM = J83B8VXP96;
				GENERATE_INFOPLIST_FILE = YES;
				INFOPLIST_FILE = repotask/Info.plist;
				INFOPLIST_KEY_UIApplicationSupportsIndirectInputEvents = YES;
				INFOPLIST_KEY_UILaunchStoryboardName = LaunchScreen;
				INFOPLIST_KEY_UIMainStoryboardFile = Main;
				INFOPLIST_KEY_UISupportedInterfaceOrientations_iPad = "UIInterfaceOrientationPortrait UIInterfaceOrientationPortraitUpsideDown UIInterfaceOrientationLandscapeLeft UIInterfaceOrientationLandscapeRight";
				INFOPLIST_KEY_UISupportedInterfaceOrientations_iPhone = "UIInterfaceOrientationPortrait UIInterfaceOrientationLandscapeLeft UIInterfaceOrientationLandscapeRight";
				IPHONEOS_DEPLOYMENT_TARGET = 14.0;
				LD_RUNPATH_SEARCH_PATHS = (
					"$(inherited)",
					"@executable_path/Frameworks",
				);
				MARKETING_VERSION = 1.0;
				PRODUCT_BUNDLE_IDENTIFIER = com.jjsokolowski.repotask;
				PRODUCT_NAME = "$(TARGET_NAME)";
				PROVISIONING_PROFILE_SPECIFIER = "";
				SWIFT_EMIT_LOC_STRINGS = YES;
				SWIFT_VERSION = 5.0;
				TARGETED_DEVICE_FAMILY = "1,2";
			};
			name = Debug;
		};
		937502F7293DF6390027913D /* Release */ = {
			isa = XCBuildConfiguration;
			buildSettings = {
				ASSETCATALOG_COMPILER_APPICON_NAME = AppIcon;
				ASSETCATALOG_COMPILER_GLOBAL_ACCENT_COLOR_NAME = AccentColor;
				CODE_SIGN_IDENTITY = "Apple Development";
				CODE_SIGN_STYLE = Automatic;
				CURRENT_PROJECT_VERSION = 1;
				DEVELOPMENT_TEAM = J83B8VXP96;
				GENERATE_INFOPLIST_FILE = YES;
				INFOPLIST_FILE = repotask/Info.plist;
				INFOPLIST_KEY_UIApplicationSupportsIndirectInputEvents = YES;
				INFOPLIST_KEY_UILaunchStoryboardName = LaunchScreen;
				INFOPLIST_KEY_UIMainStoryboardFile = Main;
				INFOPLIST_KEY_UISupportedInterfaceOrientations_iPad = "UIInterfaceOrientationPortrait UIInterfaceOrientationPortraitUpsideDown UIInterfaceOrientationLandscapeLeft UIInterfaceOrientationLandscapeRight";
				INFOPLIST_KEY_UISupportedInterfaceOrientations_iPhone = "UIInterfaceOrientationPortrait UIInterfaceOrientationLandscapeLeft UIInterfaceOrientationLandscapeRight";
				IPHONEOS_DEPLOYMENT_TARGET = 14.0;
				LD_RUNPATH_SEARCH_PATHS = (
					"$(inherited)",
					"@executable_path/Frameworks",
				);
				MARKETING_VERSION = 1.0;
				PRODUCT_BUNDLE_IDENTIFIER = com.jjsokolowski.repotask;
				PRODUCT_NAME = "$(TARGET_NAME)";
				PROVISIONING_PROFILE_SPECIFIER = "";
				SWIFT_EMIT_LOC_STRINGS = YES;
				SWIFT_VERSION = 5.0;
				TARGETED_DEVICE_FAMILY = "1,2";
			};
			name = Release;
		};
		937502F9293DF6390027913D /* Debug */ = {
			isa = XCBuildConfiguration;
			buildSettings = {
				ALWAYS_EMBED_SWIFT_STANDARD_LIBRARIES = YES;
				BUNDLE_LOADER = "$(TEST_HOST)";
				CODE_SIGN_STYLE = Automatic;
				CURRENT_PROJECT_VERSION = 1;
				DEVELOPMENT_TEAM = J83B8VXP96;
				GENERATE_INFOPLIST_FILE = YES;
				IPHONEOS_DEPLOYMENT_TARGET = 16.1;
				MARKETING_VERSION = 1.0;
				PRODUCT_BUNDLE_IDENTIFIER = com.jjsokolowski.repotaskTests;
				PRODUCT_NAME = "$(TARGET_NAME)";
				SWIFT_EMIT_LOC_STRINGS = NO;
				SWIFT_VERSION = 5.0;
				TARGETED_DEVICE_FAMILY = "1,2";
				TEST_HOST = "$(BUILT_PRODUCTS_DIR)/repotask.app/$(BUNDLE_EXECUTABLE_FOLDER_PATH)/repotask";
			};
			name = Debug;
		};
		937502FA293DF6390027913D /* Release */ = {
			isa = XCBuildConfiguration;
			buildSettings = {
				ALWAYS_EMBED_SWIFT_STANDARD_LIBRARIES = YES;
				BUNDLE_LOADER = "$(TEST_HOST)";
				CODE_SIGN_STYLE = Automatic;
				CURRENT_PROJECT_VERSION = 1;
				DEVELOPMENT_TEAM = J83B8VXP96;
				GENERATE_INFOPLIST_FILE = YES;
				IPHONEOS_DEPLOYMENT_TARGET = 16.1;
				MARKETING_VERSION = 1.0;
				PRODUCT_BUNDLE_IDENTIFIER = com.jjsokolowski.repotaskTests;
				PRODUCT_NAME = "$(TARGET_NAME)";
				SWIFT_EMIT_LOC_STRINGS = NO;
				SWIFT_VERSION = 5.0;
				TARGETED_DEVICE_FAMILY = "1,2";
				TEST_HOST = "$(BUILT_PRODUCTS_DIR)/repotask.app/$(BUNDLE_EXECUTABLE_FOLDER_PATH)/repotask";
			};
			name = Release;
		};
/* End XCBuildConfiguration section */

/* Begin XCConfigurationList section */
		937502C3293DF6380027913D /* Build configuration list for PBXProject "repotask" */ = {
			isa = XCConfigurationList;
			buildConfigurations = (
				937502F3293DF6390027913D /* Debug */,
				937502F4293DF6390027913D /* Release */,
			);
			defaultConfigurationIsVisible = 0;
			defaultConfigurationName = Release;
		};
		937502F5293DF6390027913D /* Build configuration list for PBXNativeTarget "repotask" */ = {
			isa = XCConfigurationList;
			buildConfigurations = (
				937502F6293DF6390027913D /* Debug */,
				937502F7293DF6390027913D /* Release */,
			);
			defaultConfigurationIsVisible = 0;
			defaultConfigurationName = Release;
		};
		937502F8293DF6390027913D /* Build configuration list for PBXNativeTarget "repotaskTests" */ = {
			isa = XCConfigurationList;
			buildConfigurations = (
				937502F9293DF6390027913D /* Debug */,
				937502FA293DF6390027913D /* Release */,
			);
			defaultConfigurationIsVisible = 0;
			defaultConfigurationName = Release;
		};
/* End XCConfigurationList section */

/* Begin XCRemoteSwiftPackageReference section */
		937502FE293E0B5E0027913D /* XCRemoteSwiftPackageReference "Swinject" */ = {
			isa = XCRemoteSwiftPackageReference;
			repositoryURL = "https://github.com/Swinject/Swinject";
			requirement = {
				kind = upToNextMajorVersion;
				minimumVersion = 2.0.0;
			};
		};
		93750303293E0B9B0027913D /* XCRemoteSwiftPackageReference "RxSwift" */ = {
			isa = XCRemoteSwiftPackageReference;
			repositoryURL = "https://github.com/ReactiveX/RxSwift";
			requirement = {
				kind = upToNextMajorVersion;
				minimumVersion = 6.0.0;
			};
		};
/* End XCRemoteSwiftPackageReference section */

/* Begin XCSwiftPackageProductDependency section */
		937502FF293E0B5E0027913D /* Swinject */ = {
			isa = XCSwiftPackageProductDependency;
			package = 937502FE293E0B5E0027913D /* XCRemoteSwiftPackageReference "Swinject" */;
			productName = Swinject;
		};
		93750304293E0B9B0027913D /* RxBlocking */ = {
			isa = XCSwiftPackageProductDependency;
			package = 93750303293E0B9B0027913D /* XCRemoteSwiftPackageReference "RxSwift" */;
			productName = RxBlocking;
		};
		93750308293E0B9B0027913D /* RxCocoa */ = {
			isa = XCSwiftPackageProductDependency;
			package = 93750303293E0B9B0027913D /* XCRemoteSwiftPackageReference "RxSwift" */;
			productName = RxCocoa;
		};
		9375030C293E0B9B0027913D /* RxRelay */ = {
			isa = XCSwiftPackageProductDependency;
			package = 93750303293E0B9B0027913D /* XCRemoteSwiftPackageReference "RxSwift" */;
			productName = RxRelay;
		};
		93750310293E0B9B0027913D /* RxSwift */ = {
			isa = XCSwiftPackageProductDependency;
			package = 93750303293E0B9B0027913D /* XCRemoteSwiftPackageReference "RxSwift" */;
			productName = RxSwift;
		};
/* End XCSwiftPackageProductDependency section */

/* Begin XCVersionGroup section */
		937502D4293DF6380027913D /* repotask.xcdatamodeld */ = {
			isa = XCVersionGroup;
			children = (
				937502D5293DF6380027913D /* repotask.xcdatamodel */,
			);
			currentVersion = 937502D5293DF6380027913D /* repotask.xcdatamodel */;
			path = repotask.xcdatamodeld;
			sourceTree = "<group>";
			versionGroupType = wrapper.xcdatamodel;
		};
/* End XCVersionGroup section */
	};
	rootObject = 937502C0293DF6380027913D /* Project object */;
}
